
Microsoft Visual Studio Solution File, Format Version 12.00
# Visual Studio 15
VisualStudioVersion = 15.0.28307.645
MinimumVisualStudioVersion = 10.0.40219.1
Project("{9A19103F-16F7-4668-BE54-9A1E7A4F7556}") = "ProgFin", "ProgFin\ProgFin.csproj", "{FCA4CE9B-73DF-49AE-A47B-43F58240FEB1}"
EndProject
Project("{9A19103F-16F7-4668-BE54-9A1E7A4F7556}") = "Model", "Model\Model.csproj", "{3CA9B38D-8E31-413A-B5C9-AFCD6E05FEAA}"
EndProject
Project("{9A19103F-16F7-4668-BE54-9A1E7A4F7556}") = "Service", "Service\Service.csproj", "{CFA4DA9E-DD0E-49EE-90FD-A6CC2FF3212E}"
EndProject
Project("{9A19103F-16F7-4668-BE54-9A1E7A4F7556}") = "Persistence", "Persistence\Persistence.csproj", "{02CE1A0C-A33B-4536-AD3E-E80462169947}"
EndProject
Project("{FAE04EC0-301F-11D3-BF4B-00C04F79EFBC}") = "LibraryTest", "LibraryTest\LibraryTest.csproj", "{542D74F8-2403-4FED-AF81-773C60935449}"
EndProject
Global
	GlobalSection(SolutionConfigurationPlatforms) = preSolution
		Debug|Any CPU = Debug|Any CPU
		Release|Any CPU = Release|Any CPU
	EndGlobalSection
	GlobalSection(ProjectConfigurationPlatforms) = postSolution
		{FCA4CE9B-73DF-49AE-A47B-43F58240FEB1}.Debug|Any CPU.ActiveCfg = Debug|Any CPU
		{FCA4CE9B-73DF-49AE-A47B-43F58240FEB1}.Debug|Any CPU.Build.0 = Debug|Any CPU
		{FCA4CE9B-73DF-49AE-A47B-43F58240FEB1}.Release|Any CPU.ActiveCfg = Release|Any CPU
		{FCA4CE9B-73DF-49AE-A47B-43F58240FEB1}.Release|Any CPU.Build.0 = Release|Any CPU
		{3CA9B38D-8E31-413A-B5C9-AFCD6E05FEAA}.Debug|Any CPU.ActiveCfg = Debug|Any CPU
		{3CA9B38D-8E31-413A-B5C9-AFCD6E05FEAA}.Debug|Any CPU.Build.0 = Debug|Any CPU
		{3CA9B38D-8E31-413A-B5C9-AFCD6E05FEAA}.Release|Any CPU.ActiveCfg = Release|Any CPU
		{3CA9B38D-8E31-413A-B5C9-AFCD6E05FEAA}.Release|Any CPU.Build.0 = Release|Any CPU
		{CFA4DA9E-DD0E-49EE-90FD-A6CC2FF3212E}.Debug|Any CPU.ActiveCfg = Debug|Any CPU
		{CFA4DA9E-DD0E-49EE-90FD-A6CC2FF3212E}.Debug|Any CPU.Build.0 = Debug|Any CPU
		{CFA4DA9E-DD0E-49EE-90FD-A6CC2FF3212E}.Release|Any CPU.ActiveCfg = Release|Any CPU
		{CFA4DA9E-DD0E-49EE-90FD-A6CC2FF3212E}.Release|Any CPU.Build.0 = Release|Any CPU
		{02CE1A0C-A33B-4536-AD3E-E80462169947}.Debug|Any CPU.ActiveCfg = Debug|Any CPU
		{02CE1A0C-A33B-4536-AD3E-E80462169947}.Debug|Any CPU.Build.0 = Debug|Any CPU
		{02CE1A0C-A33B-4536-AD3E-E80462169947}.Release|Any CPU.ActiveCfg = Release|Any CPU
		{02CE1A0C-A33B-4536-AD3E-E80462169947}.Release|Any CPU.Build.0 = Release|Any CPU
		{542D74F8-2403-4FED-AF81-773C60935449}.Debug|Any CPU.ActiveCfg = Debug|Any CPU
		{542D74F8-2403-4FED-AF81-773C60935449}.Debug|Any CPU.Build.0 = Debug|Any CPU
		{542D74F8-2403-4FED-AF81-773C60935449}.Release|Any CPU.ActiveCfg = Release|Any CPU
		{542D74F8-2403-4FED-AF81-773C60935449}.Release|Any CPU.Build.0 = Release|Any CPU
	EndGlobalSection
	GlobalSection(SolutionProperties) = preSolution
		HideSolutionNode = FALSE
	EndGlobalSection
	GlobalSection(ExtensibilityGlobals) = postSolution
		SolutionGuid = {27E8F7D0-8173-4A7D-AE6F-7DD6ED4C4501}
	EndGlobalSection
EndGlobal
